// !$*UTF8*$!
{
	archiveVersion = 1;
	classes = {
	};
	objectVersion = 46;
	objects = {

/* Begin PBXBuildFile section */
		512DF1961DF31A5C009A5B6E /* Extension+UIImageView.swift in Sources */ = {isa = PBXBuildFile; fileRef = 512DF1951DF31A5C009A5B6E /* Extension+UIImageView.swift */; };
		512DF2501DF434A4009A5B6E /* LSOAuthViewController.swift in Sources */ = {isa = PBXBuildFile; fileRef = 512DF24F1DF434A4009A5B6E /* LSOAuthViewController.swift */; };
		512DF2541DF47396009A5B6E /* LSNetworkTools.swift in Sources */ = {isa = PBXBuildFile; fileRef = 512DF2531DF47396009A5B6E /* LSNetworkTools.swift */; };
		512DF2561DF4740B009A5B6E /* LSUserAccountModel.swift in Sources */ = {isa = PBXBuildFile; fileRef = 512DF2551DF4740B009A5B6E /* LSUserAccountModel.swift */; };
		512DF2591DF56DA4009A5B6E /* LSUserAccountViewModel.swift in Sources */ = {isa = PBXBuildFile; fileRef = 512DF2581DF56DA4009A5B6E /* LSUserAccountViewModel.swift */; };
		512DF25D1DF5CEF0009A5B6E /* LSWellcomeViewController.swift in Sources */ = {isa = PBXBuildFile; fileRef = 512DF25C1DF5CEF0009A5B6E /* LSWellcomeViewController.swift */; };
		514F2FCB1DF091EF00846163 /* AppDelegate.swift in Sources */ = {isa = PBXBuildFile; fileRef = 514F2FCA1DF091EF00846163 /* AppDelegate.swift */; };
		514F2FCD1DF091EF00846163 /* ViewController.swift in Sources */ = {isa = PBXBuildFile; fileRef = 514F2FCC1DF091EF00846163 /* ViewController.swift */; };
		514F2FD21DF091EF00846163 /* Assets.xcassets in Resources */ = {isa = PBXBuildFile; fileRef = 514F2FD11DF091EF00846163 /* Assets.xcassets */; };
		514F2FF71DF1608700846163 /* LSMainViewController.swift in Sources */ = {isa = PBXBuildFile; fileRef = 514F2FF61DF1608700846163 /* LSMainViewController.swift */; };
		514F2FF91DF1609D00846163 /* LSHomeViewController.swift in Sources */ = {isa = PBXBuildFile; fileRef = 514F2FF81DF1609D00846163 /* LSHomeViewController.swift */; };
		514F2FFB1DF160B600846163 /* LSMessageViewController.swift in Sources */ = {isa = PBXBuildFile; fileRef = 514F2FFA1DF160B600846163 /* LSMessageViewController.swift */; };
		514F2FFD1DF160DA00846163 /* LSDiscoverViewController.swift in Sources */ = {isa = PBXBuildFile; fileRef = 514F2FFC1DF160DA00846163 /* LSDiscoverViewController.swift */; };
		514F2FFF1DF160EB00846163 /* LSProfileViewController.swift in Sources */ = {isa = PBXBuildFile; fileRef = 514F2FFE1DF160EB00846163 /* LSProfileViewController.swift */; };
		514F30031DF1763F00846163 /* LSTabBar.swift in Sources */ = {isa = PBXBuildFile; fileRef = 514F30021DF1763F00846163 /* LSTabBar.swift */; };
		514F30051DF1DAD100846163 /* LSCommon.swift in Sources */ = {isa = PBXBuildFile; fileRef = 514F30041DF1DAD100846163 /* LSCommon.swift */; };
		514F30081DF1DF1F00846163 /* Extension+UIButton.swift in Sources */ = {isa = PBXBuildFile; fileRef = 514F30071DF1DF1F00846163 /* Extension+UIButton.swift */; };
		514F300A1DF1F1F800846163 /* Extension+UIBarButtonItem.swift in Sources */ = {isa = PBXBuildFile; fileRef = 514F30091DF1F1F800846163 /* Extension+UIBarButtonItem.swift */; };
		514F300D1DF1FA6D00846163 /* LSTempViewController.swift in Sources */ = {isa = PBXBuildFile; fileRef = 514F300C1DF1FA6D00846163 /* LSTempViewController.swift */; };
		514F300F1DF290A400846163 /* LSNavViewController.swift in Sources */ = {isa = PBXBuildFile; fileRef = 514F300E1DF290A400846163 /* LSNavViewController.swift */; };
		514F30111DF2BE4800846163 /* LSVisitorViewController.swift in Sources */ = {isa = PBXBuildFile; fileRef = 514F30101DF2BE4800846163 /* LSVisitorViewController.swift */; };
		514F30131DF302B700846163 /* LSVisitorView.swift in Sources */ = {isa = PBXBuildFile; fileRef = 514F30121DF302B700846163 /* LSVisitorView.swift */; };
		514F30231DF311B900846163 /* Constraint.swift in Sources */ = {isa = PBXBuildFile; fileRef = 514F30161DF311B900846163 /* Constraint.swift */; };
		514F30241DF311B900846163 /* ConstraintAttributes.swift in Sources */ = {isa = PBXBuildFile; fileRef = 514F30171DF311B900846163 /* ConstraintAttributes.swift */; };
		514F30251DF311B900846163 /* ConstraintDescription.swift in Sources */ = {isa = PBXBuildFile; fileRef = 514F30181DF311B900846163 /* ConstraintDescription.swift */; };
		514F30261DF311B900846163 /* ConstraintItem.swift in Sources */ = {isa = PBXBuildFile; fileRef = 514F30191DF311B900846163 /* ConstraintItem.swift */; };
		514F30271DF311B900846163 /* ConstraintMaker.swift in Sources */ = {isa = PBXBuildFile; fileRef = 514F301A1DF311B900846163 /* ConstraintMaker.swift */; };
		514F30281DF311B900846163 /* ConstraintRelation.swift in Sources */ = {isa = PBXBuildFile; fileRef = 514F301B1DF311B900846163 /* ConstraintRelation.swift */; };
		514F30291DF311B900846163 /* Debugging.swift in Sources */ = {isa = PBXBuildFile; fileRef = 514F301C1DF311B900846163 /* Debugging.swift */; };
		514F302A1DF311B900846163 /* EdgeInsets.swift in Sources */ = {isa = PBXBuildFile; fileRef = 514F301D1DF311B900846163 /* EdgeInsets.swift */; };
		514F302B1DF311B900846163 /* LayoutConstraint.swift in Sources */ = {isa = PBXBuildFile; fileRef = 514F301E1DF311B900846163 /* LayoutConstraint.swift */; };
		514F302C1DF311B900846163 /* SnapKit.swift in Sources */ = {isa = PBXBuildFile; fileRef = 514F30201DF311B900846163 /* SnapKit.swift */; };
		514F302D1DF311B900846163 /* View+SnapKit.swift in Sources */ = {isa = PBXBuildFile; fileRef = 514F30211DF311B900846163 /* View+SnapKit.swift */; };
		514F302E1DF311B900846163 /* ViewController+SnapKit.swift in Sources */ = {isa = PBXBuildFile; fileRef = 514F30221DF311B900846163 /* ViewController+SnapKit.swift */; };
		514F30301DF3157400846163 /* Extension+UILable.swift in Sources */ = {isa = PBXBuildFile; fileRef = 514F302F1DF3157400846163 /* Extension+UILable.swift */; };
		CEC427D3AAB3C739DB353401 /* Pods_LSVbo_Swift.framework in Frameworks */ = {isa = PBXBuildFile; fileRef = 283CA517A183B3B6990E74A1 /* Pods_LSVbo_Swift.framework */; };
/* End PBXBuildFile section */

/* Begin PBXFileReference section */
		283CA517A183B3B6990E74A1 /* Pods_LSVbo_Swift.framework */ = {isa = PBXFileReference; explicitFileType = wrapper.framework; includeInIndex = 0; path = Pods_LSVbo_Swift.framework; sourceTree = BUILT_PRODUCTS_DIR; };
		512DF1951DF31A5C009A5B6E /* Extension+UIImageView.swift */ = {isa = PBXFileReference; fileEncoding = 4; lastKnownFileType = sourcecode.swift; path = "Extension+UIImageView.swift"; sourceTree = "<group>"; };
		512DF24F1DF434A4009A5B6E /* LSOAuthViewController.swift */ = {isa = PBXFileReference; fileEncoding = 4; lastKnownFileType = sourcecode.swift; path = LSOAuthViewController.swift; sourceTree = "<group>"; };
		512DF2531DF47396009A5B6E /* LSNetworkTools.swift */ = {isa = PBXFileReference; fileEncoding = 4; lastKnownFileType = sourcecode.swift; path = LSNetworkTools.swift; sourceTree = "<group>"; };
		512DF2551DF4740B009A5B6E /* LSUserAccountModel.swift */ = {isa = PBXFileReference; fileEncoding = 4; lastKnownFileType = sourcecode.swift; path = LSUserAccountModel.swift; sourceTree = "<group>"; };
		512DF2581DF56DA4009A5B6E /* LSUserAccountViewModel.swift */ = {isa = PBXFileReference; fileEncoding = 4; lastKnownFileType = sourcecode.swift; path = LSUserAccountViewModel.swift; sourceTree = "<group>"; };
		512DF25C1DF5CEF0009A5B6E /* LSWellcomeViewController.swift */ = {isa = PBXFileReference; fileEncoding = 4; lastKnownFileType = sourcecode.swift; path = LSWellcomeViewController.swift; sourceTree = "<group>"; };
		514F2FC71DF091EF00846163 /* LSVbo_Swift.app */ = {isa = PBXFileReference; explicitFileType = wrapper.application; includeInIndex = 0; path = LSVbo_Swift.app; sourceTree = BUILT_PRODUCTS_DIR; };
		514F2FCA1DF091EF00846163 /* AppDelegate.swift */ = {isa = PBXFileReference; lastKnownFileType = sourcecode.swift; path = AppDelegate.swift; sourceTree = "<group>"; };
		514F2FCC1DF091EF00846163 /* ViewController.swift */ = {isa = PBXFileReference; lastKnownFileType = sourcecode.swift; path = ViewController.swift; sourceTree = "<group>"; };
		514F2FD11DF091EF00846163 /* Assets.xcassets */ = {isa = PBXFileReference; lastKnownFileType = folder.assetcatalog; path = Assets.xcassets; sourceTree = "<group>"; };
		514F2FD61DF091EF00846163 /* Info.plist */ = {isa = PBXFileReference; lastKnownFileType = text.plist.xml; path = Info.plist; sourceTree = "<group>"; };
		514F2FF61DF1608700846163 /* LSMainViewController.swift */ = {isa = PBXFileReference; fileEncoding = 4; lastKnownFileType = sourcecode.swift; path = LSMainViewController.swift; sourceTree = "<group>"; };
		514F2FF81DF1609D00846163 /* LSHomeViewController.swift */ = {isa = PBXFileReference; fileEncoding = 4; lastKnownFileType = sourcecode.swift; path = LSHomeViewController.swift; sourceTree = "<group>"; };
		514F2FFA1DF160B600846163 /* LSMessageViewController.swift */ = {isa = PBXFileReference; fileEncoding = 4; lastKnownFileType = sourcecode.swift; path = LSMessageViewController.swift; sourceTree = "<group>"; };
		514F2FFC1DF160DA00846163 /* LSDiscoverViewController.swift */ = {isa = PBXFileReference; fileEncoding = 4; lastKnownFileType = sourcecode.swift; path = LSDiscoverViewController.swift; sourceTree = "<group>"; };
		514F2FFE1DF160EB00846163 /* LSProfileViewController.swift */ = {isa = PBXFileReference; fileEncoding = 4; lastKnownFileType = sourcecode.swift; path = LSProfileViewController.swift; sourceTree = "<group>"; };
		514F30021DF1763F00846163 /* LSTabBar.swift */ = {isa = PBXFileReference; fileEncoding = 4; lastKnownFileType = sourcecode.swift; path = LSTabBar.swift; sourceTree = "<group>"; };
		514F30041DF1DAD100846163 /* LSCommon.swift */ = {isa = PBXFileReference; fileEncoding = 4; lastKnownFileType = sourcecode.swift; path = LSCommon.swift; sourceTree = "<group>"; };
		514F30071DF1DF1F00846163 /* Extension+UIButton.swift */ = {isa = PBXFileReference; fileEncoding = 4; lastKnownFileType = sourcecode.swift; path = "Extension+UIButton.swift"; sourceTree = "<group>"; usesTabs = 1; };
		514F30091DF1F1F800846163 /* Extension+UIBarButtonItem.swift */ = {isa = PBXFileReference; fileEncoding = 4; lastKnownFileType = sourcecode.swift; path = "Extension+UIBarButtonItem.swift"; sourceTree = "<group>"; };
		514F300C1DF1FA6D00846163 /* LSTempViewController.swift */ = {isa = PBXFileReference; fileEncoding = 4; lastKnownFileType = sourcecode.swift; path = LSTempViewController.swift; sourceTree = "<group>"; };
		514F300E1DF290A400846163 /* LSNavViewController.swift */ = {isa = PBXFileReference; fileEncoding = 4; lastKnownFileType = sourcecode.swift; path = LSNavViewController.swift; sourceTree = "<group>"; };
		514F30101DF2BE4800846163 /* LSVisitorViewController.swift */ = {isa = PBXFileReference; fileEncoding = 4; lastKnownFileType = sourcecode.swift; path = LSVisitorViewController.swift; sourceTree = "<group>"; };
		514F30121DF302B700846163 /* LSVisitorView.swift */ = {isa = PBXFileReference; fileEncoding = 4; lastKnownFileType = sourcecode.swift; path = LSVisitorView.swift; sourceTree = "<group>"; };
		514F30161DF311B900846163 /* Constraint.swift */ = {isa = PBXFileReference; fileEncoding = 4; lastKnownFileType = sourcecode.swift; path = Constraint.swift; sourceTree = "<group>"; };
		514F30171DF311B900846163 /* ConstraintAttributes.swift */ = {isa = PBXFileReference; fileEncoding = 4; lastKnownFileType = sourcecode.swift; path = ConstraintAttributes.swift; sourceTree = "<group>"; };
		514F30181DF311B900846163 /* ConstraintDescription.swift */ = {isa = PBXFileReference; fileEncoding = 4; lastKnownFileType = sourcecode.swift; path = ConstraintDescription.swift; sourceTree = "<group>"; };
		514F30191DF311B900846163 /* ConstraintItem.swift */ = {isa = PBXFileReference; fileEncoding = 4; lastKnownFileType = sourcecode.swift; path = ConstraintItem.swift; sourceTree = "<group>"; };
		514F301A1DF311B900846163 /* ConstraintMaker.swift */ = {isa = PBXFileReference; fileEncoding = 4; lastKnownFileType = sourcecode.swift; path = ConstraintMaker.swift; sourceTree = "<group>"; };
		514F301B1DF311B900846163 /* ConstraintRelation.swift */ = {isa = PBXFileReference; fileEncoding = 4; lastKnownFileType = sourcecode.swift; path = ConstraintRelation.swift; sourceTree = "<group>"; };
		514F301C1DF311B900846163 /* Debugging.swift */ = {isa = PBXFileReference; fileEncoding = 4; lastKnownFileType = sourcecode.swift; path = Debugging.swift; sourceTree = "<group>"; };
		514F301D1DF311B900846163 /* EdgeInsets.swift */ = {isa = PBXFileReference; fileEncoding = 4; lastKnownFileType = sourcecode.swift; path = EdgeInsets.swift; sourceTree = "<group>"; };
		514F301E1DF311B900846163 /* LayoutConstraint.swift */ = {isa = PBXFileReference; fileEncoding = 4; lastKnownFileType = sourcecode.swift; path = LayoutConstraint.swift; sourceTree = "<group>"; };
		514F301F1DF311B900846163 /* SnapKit.h */ = {isa = PBXFileReference; fileEncoding = 4; lastKnownFileType = sourcecode.c.h; path = SnapKit.h; sourceTree = "<group>"; };
		514F30201DF311B900846163 /* SnapKit.swift */ = {isa = PBXFileReference; fileEncoding = 4; lastKnownFileType = sourcecode.swift; path = SnapKit.swift; sourceTree = "<group>"; };
		514F30211DF311B900846163 /* View+SnapKit.swift */ = {isa = PBXFileReference; fileEncoding = 4; lastKnownFileType = sourcecode.swift; path = "View+SnapKit.swift"; sourceTree = "<group>"; };
		514F30221DF311B900846163 /* ViewController+SnapKit.swift */ = {isa = PBXFileReference; fileEncoding = 4; lastKnownFileType = sourcecode.swift; path = "ViewController+SnapKit.swift"; sourceTree = "<group>"; };
		514F302F1DF3157400846163 /* Extension+UILable.swift */ = {isa = PBXFileReference; fileEncoding = 4; lastKnownFileType = sourcecode.swift; path = "Extension+UILable.swift"; sourceTree = "<group>"; };
		7A0DCA7A3E30CA194B9A9785 /* Pods-LSVbo_Swift.release.xcconfig */ = {isa = PBXFileReference; includeInIndex = 1; lastKnownFileType = text.xcconfig; name = "Pods-LSVbo_Swift.release.xcconfig"; path = "Pods/Target Support Files/Pods-LSVbo_Swift/Pods-LSVbo_Swift.release.xcconfig"; sourceTree = "<group>"; };
		A6112AF8E247DE97BF3DED9E /* Pods-LSVbo_Swift.debug.xcconfig */ = {isa = PBXFileReference; includeInIndex = 1; lastKnownFileType = text.xcconfig; name = "Pods-LSVbo_Swift.debug.xcconfig"; path = "Pods/Target Support Files/Pods-LSVbo_Swift/Pods-LSVbo_Swift.debug.xcconfig"; sourceTree = "<group>"; };
/* End PBXFileReference section */

/* Begin PBXFrameworksBuildPhase section */
		514F2FC41DF091EF00846163 /* Frameworks */ = {
			isa = PBXFrameworksBuildPhase;
			buildActionMask = 2147483647;
			files = (
				CEC427D3AAB3C739DB353401 /* Pods_LSVbo_Swift.framework in Frameworks */,
			);
			runOnlyForDeploymentPostprocessing = 0;
		};
/* End PBXFrameworksBuildPhase section */

/* Begin PBXGroup section */
		512DF24C1DF43482009A5B6E /* OAuth */ = {
			isa = PBXGroup;
			children = (
				512DF24D1DF43482009A5B6E /* Controller */,
				512DF24E1DF43482009A5B6E /* View */,
			);
			path = OAuth;
			sourceTree = "<group>";
		};
		512DF24D1DF43482009A5B6E /* Controller */ = {
			isa = PBXGroup;
			children = (
				512DF24F1DF434A4009A5B6E /* LSOAuthViewController.swift */,
			);
			path = Controller;
			sourceTree = "<group>";
		};
		512DF24E1DF43482009A5B6E /* View */ = {
			isa = PBXGroup;
			children = (
			);
			path = View;
			sourceTree = "<group>";
		};
		512DF2511DF472FF009A5B6E /* OAuth */ = {
			isa = PBXGroup;
			children = (
				512DF2551DF4740B009A5B6E /* LSUserAccountModel.swift */,
			);
			path = OAuth;
			sourceTree = "<group>";
		};
		512DF2521DF47396009A5B6E /* LSNetwork_Swift */ = {
			isa = PBXGroup;
			children = (
				512DF2531DF47396009A5B6E /* LSNetworkTools.swift */,
			);
			path = LSNetwork_Swift;
			sourceTree = "<group>";
		};
		512DF2571DF56D13009A5B6E /* OAuth */ = {
			isa = PBXGroup;
			children = (
				512DF2581DF56DA4009A5B6E /* LSUserAccountViewModel.swift */,
			);
			path = OAuth;
			sourceTree = "<group>";
		};
		512DF25A1DF5CED4009A5B6E /* Controller */ = {
			isa = PBXGroup;
			children = (
				512DF25C1DF5CEF0009A5B6E /* LSWellcomeViewController.swift */,
			);
			path = Controller;
			sourceTree = "<group>";
		};
		512DF25B1DF5CED4009A5B6E /* View */ = {
			isa = PBXGroup;
			children = (
			);
			path = View;
			sourceTree = "<group>";
		};
		514F2FBE1DF091EF00846163 = {
			isa = PBXGroup;
			children = (
				514F2FC91DF091EF00846163 /* LSVbo_Swift */,
				514F2FC81DF091EF00846163 /* Products */,
				E2FB2C9591A7C29DC636A05D /* Pods */,
				994CB84891E170A41D119D0F /* Frameworks */,
			);
			sourceTree = "<group>";
		};
		514F2FC81DF091EF00846163 /* Products */ = {
			isa = PBXGroup;
			children = (
				514F2FC71DF091EF00846163 /* LSVbo_Swift.app */,
			);
			name = Products;
			sourceTree = "<group>";
		};
		514F2FC91DF091EF00846163 /* LSVbo_Swift */ = {
			isa = PBXGroup;
			children = (
				514F2FDC1DF09E3B00846163 /* LSVbo_Swift */,
				514F2FCA1DF091EF00846163 /* AppDelegate.swift */,
				514F2FCC1DF091EF00846163 /* ViewController.swift */,
				514F2FD11DF091EF00846163 /* Assets.xcassets */,
				514F2FD61DF091EF00846163 /* Info.plist */,
			);
			path = LSVbo_Swift;
			sourceTree = "<group>";
		};
		514F2FDC1DF09E3B00846163 /* LSVbo_Swift */ = {
			isa = PBXGroup;
			children = (
				512DF2521DF47396009A5B6E /* LSNetwork_Swift */,
				514F2FDF1DF09E3B00846163 /* View */,
				514F2FF31DF09E3B00846163 /* ViewModel */,
				514F2FDD1DF09E3B00846163 /* Model */,
				514F2FDE1DF09E3B00846163 /* Tools */,
			);
			path = LSVbo_Swift;
			sourceTree = "<group>";
		};
		514F2FDD1DF09E3B00846163 /* Model */ = {
			isa = PBXGroup;
			children = (
				512DF2511DF472FF009A5B6E /* OAuth */,
			);
			path = Model;
			sourceTree = "<group>";
		};
		514F2FDE1DF09E3B00846163 /* Tools */ = {
			isa = PBXGroup;
			children = (
				514F30141DF311AA00846163 /* Libs */,
				514F300B1DF1FA5C00846163 /* Temp */,
				514F30061DF1DF0A00846163 /* Extension */,
				514F30041DF1DAD100846163 /* LSCommon.swift */,
			);
			path = Tools;
			sourceTree = "<group>";
		};
		514F2FDF1DF09E3B00846163 /* View */ = {
			isa = PBXGroup;
			children = (
				512DF24C1DF43482009A5B6E /* OAuth */,
				514F2FE91DF09E3B00846163 /* Main */,
				514F2FE61DF09E3B00846163 /* Home */,
				514F2FEC1DF09E3B00846163 /* Message */,
				514F2FE31DF09E3B00846163 /* Discover */,
				514F2FEF1DF09E3B00846163 /* Profile */,
				514F2FE01DF09E3B00846163 /* Compose */,
				514F2FF21DF09E3B00846163 /* Wellcome */,
			);
			path = View;
			sourceTree = "<group>";
		};
		514F2FE01DF09E3B00846163 /* Compose */ = {
			isa = PBXGroup;
			children = (
				514F2FE11DF09E3B00846163 /* Controller */,
				514F2FE21DF09E3B00846163 /* View */,
			);
			path = Compose;
			sourceTree = "<group>";
		};
		514F2FE11DF09E3B00846163 /* Controller */ = {
			isa = PBXGroup;
			children = (
			);
			path = Controller;
			sourceTree = "<group>";
		};
		514F2FE21DF09E3B00846163 /* View */ = {
			isa = PBXGroup;
			children = (
			);
			path = View;
			sourceTree = "<group>";
		};
		514F2FE31DF09E3B00846163 /* Discover */ = {
			isa = PBXGroup;
			children = (
				514F2FE41DF09E3B00846163 /* Controller */,
				514F2FE51DF09E3B00846163 /* View */,
			);
			path = Discover;
			sourceTree = "<group>";
		};
		514F2FE41DF09E3B00846163 /* Controller */ = {
			isa = PBXGroup;
			children = (
				514F2FFC1DF160DA00846163 /* LSDiscoverViewController.swift */,
			);
			path = Controller;
			sourceTree = "<group>";
		};
		514F2FE51DF09E3B00846163 /* View */ = {
			isa = PBXGroup;
			children = (
			);
			path = View;
			sourceTree = "<group>";
		};
		514F2FE61DF09E3B00846163 /* Home */ = {
			isa = PBXGroup;
			children = (
				514F2FE71DF09E3B00846163 /* Controller */,
				514F2FE81DF09E3B00846163 /* View */,
			);
			path = Home;
			sourceTree = "<group>";
		};
		514F2FE71DF09E3B00846163 /* Controller */ = {
			isa = PBXGroup;
			children = (
				514F2FF81DF1609D00846163 /* LSHomeViewController.swift */,
			);
			path = Controller;
			sourceTree = "<group>";
		};
		514F2FE81DF09E3B00846163 /* View */ = {
			isa = PBXGroup;
			children = (
			);
			path = View;
			sourceTree = "<group>";
		};
		514F2FE91DF09E3B00846163 /* Main */ = {
			isa = PBXGroup;
			children = (
				514F2FEA1DF09E3B00846163 /* Controller */,
				514F2FEB1DF09E3B00846163 /* View */,
			);
			path = Main;
			sourceTree = "<group>";
		};
		514F2FEA1DF09E3B00846163 /* Controller */ = {
			isa = PBXGroup;
			children = (
				514F2FF61DF1608700846163 /* LSMainViewController.swift */,
				514F30101DF2BE4800846163 /* LSVisitorViewController.swift */,
			);
			path = Controller;
			sourceTree = "<group>";
		};
		514F2FEB1DF09E3B00846163 /* View */ = {
			isa = PBXGroup;
			children = (
				514F30021DF1763F00846163 /* LSTabBar.swift */,
				514F300E1DF290A400846163 /* LSNavViewController.swift */,
				514F30121DF302B700846163 /* LSVisitorView.swift */,
			);
			path = View;
			sourceTree = "<group>";
		};
		514F2FEC1DF09E3B00846163 /* Message */ = {
			isa = PBXGroup;
			children = (
				514F2FED1DF09E3B00846163 /* Controller */,
				514F2FEE1DF09E3B00846163 /* View */,
			);
			path = Message;
			sourceTree = "<group>";
		};
		514F2FED1DF09E3B00846163 /* Controller */ = {
			isa = PBXGroup;
			children = (
				514F2FFA1DF160B600846163 /* LSMessageViewController.swift */,
			);
			path = Controller;
			sourceTree = "<group>";
		};
		514F2FEE1DF09E3B00846163 /* View */ = {
			isa = PBXGroup;
			children = (
			);
			path = View;
			sourceTree = "<group>";
		};
		514F2FEF1DF09E3B00846163 /* Profile */ = {
			isa = PBXGroup;
			children = (
				514F2FF01DF09E3B00846163 /* Controller */,
				514F2FF11DF09E3B00846163 /* View */,
			);
			path = Profile;
			sourceTree = "<group>";
		};
		514F2FF01DF09E3B00846163 /* Controller */ = {
			isa = PBXGroup;
			children = (
				514F2FFE1DF160EB00846163 /* LSProfileViewController.swift */,
			);
			path = Controller;
			sourceTree = "<group>";
		};
		514F2FF11DF09E3B00846163 /* View */ = {
			isa = PBXGroup;
			children = (
			);
			path = View;
			sourceTree = "<group>";
		};
		514F2FF21DF09E3B00846163 /* Wellcome */ = {
			isa = PBXGroup;
			children = (
				512DF25A1DF5CED4009A5B6E /* Controller */,
				512DF25B1DF5CED4009A5B6E /* View */,
			);
			path = Wellcome;
			sourceTree = "<group>";
		};
		514F2FF31DF09E3B00846163 /* ViewModel */ = {
			isa = PBXGroup;
			children = (
				512DF2571DF56D13009A5B6E /* OAuth */,
			);
			path = ViewModel;
			sourceTree = "<group>";
		};
		514F30061DF1DF0A00846163 /* Extension */ = {
			isa = PBXGroup;
			children = (
				514F30071DF1DF1F00846163 /* Extension+UIButton.swift */,
				514F30091DF1F1F800846163 /* Extension+UIBarButtonItem.swift */,
				514F302F1DF3157400846163 /* Extension+UILable.swift */,
				512DF1951DF31A5C009A5B6E /* Extension+UIImageView.swift */,
			);
			path = Extension;
			sourceTree = "<group>";
		};
		514F300B1DF1FA5C00846163 /* Temp */ = {
			isa = PBXGroup;
			children = (
				514F300C1DF1FA6D00846163 /* LSTempViewController.swift */,
			);
			path = Temp;
			sourceTree = "<group>";
		};
		514F30141DF311AA00846163 /* Libs */ = {
			isa = PBXGroup;
			children = (
				514F30151DF311B900846163 /* SnapKit修改版 */,
			);
			path = Libs;
			sourceTree = "<group>";
		};
		514F30151DF311B900846163 /* SnapKit修改版 */ = {
			isa = PBXGroup;
			children = (
				514F30161DF311B900846163 /* Constraint.swift */,
				514F30171DF311B900846163 /* ConstraintAttributes.swift */,
				514F30181DF311B900846163 /* ConstraintDescription.swift */,
				514F30191DF311B900846163 /* ConstraintItem.swift */,
				514F301A1DF311B900846163 /* ConstraintMaker.swift */,
				514F301B1DF311B900846163 /* ConstraintRelation.swift */,
				514F301C1DF311B900846163 /* Debugging.swift */,
				514F301D1DF311B900846163 /* EdgeInsets.swift */,
				514F301E1DF311B900846163 /* LayoutConstraint.swift */,
				514F301F1DF311B900846163 /* SnapKit.h */,
				514F30201DF311B900846163 /* SnapKit.swift */,
				514F30211DF311B900846163 /* View+SnapKit.swift */,
				514F30221DF311B900846163 /* ViewController+SnapKit.swift */,
			);
			path = "SnapKit修改版";
			sourceTree = "<group>";
		};
		994CB84891E170A41D119D0F /* Frameworks */ = {
			isa = PBXGroup;
			children = (
				283CA517A183B3B6990E74A1 /* Pods_LSVbo_Swift.framework */,
			);
			name = Frameworks;
			sourceTree = "<group>";
		};
		E2FB2C9591A7C29DC636A05D /* Pods */ = {
			isa = PBXGroup;
			children = (
				A6112AF8E247DE97BF3DED9E /* Pods-LSVbo_Swift.debug.xcconfig */,
				7A0DCA7A3E30CA194B9A9785 /* Pods-LSVbo_Swift.release.xcconfig */,
			);
			name = Pods;
			sourceTree = "<group>";
		};
/* End PBXGroup section */

/* Begin PBXNativeTarget section */
		514F2FC61DF091EF00846163 /* LSVbo_Swift */ = {
			isa = PBXNativeTarget;
			buildConfigurationList = 514F2FD91DF091EF00846163 /* Build configuration list for PBXNativeTarget "LSVbo_Swift" */;
			buildPhases = (
				A7FB1FBE14DC8C3606E5F9FC /* [CP] Check Pods Manifest.lock */,
				514F2FC31DF091EF00846163 /* Sources */,
				514F2FC41DF091EF00846163 /* Frameworks */,
				514F2FC51DF091EF00846163 /* Resources */,
				876FA484EA456B31FF8AC9CE /* [CP] Embed Pods Frameworks */,
				AA80B2A71C7C6AD0865AE543 /* [CP] Copy Pods Resources */,
			);
			buildRules = (
			);
			dependencies = (
			);
			name = LSVbo_Swift;
			productName = LSVbo_Swift;
			productReference = 514F2FC71DF091EF00846163 /* LSVbo_Swift.app */;
			productType = "com.apple.product-type.application";
		};
/* End PBXNativeTarget section */

/* Begin PBXProject section */
		514F2FBF1DF091EF00846163 /* Project object */ = {
			isa = PBXProject;
			attributes = {
				CLASSPREFIX = LS;
				LastSwiftUpdateCheck = 0810;
				LastUpgradeCheck = 0810;
				ORGANIZATIONNAME = lsrain;
				TargetAttributes = {
					514F2FC61DF091EF00846163 = {
						CreatedOnToolsVersion = 8.1;
						ProvisioningStyle = Automatic;
					};
				};
			};
			buildConfigurationList = 514F2FC21DF091EF00846163 /* Build configuration list for PBXProject "LSVbo_Swift" */;
			compatibilityVersion = "Xcode 3.2";
			developmentRegion = English;
			hasScannedForEncodings = 0;
			knownRegions = (
				en,
				Base,
			);
			mainGroup = 514F2FBE1DF091EF00846163;
			productRefGroup = 514F2FC81DF091EF00846163 /* Products */;
			projectDirPath = "";
			projectRoot = "";
			targets = (
				514F2FC61DF091EF00846163 /* LSVbo_Swift */,
			);
		};
/* End PBXProject section */

/* Begin PBXResourcesBuildPhase section */
		514F2FC51DF091EF00846163 /* Resources */ = {
			isa = PBXResourcesBuildPhase;
			buildActionMask = 2147483647;
			files = (
				514F2FD21DF091EF00846163 /* Assets.xcassets in Resources */,
			);
			runOnlyForDeploymentPostprocessing = 0;
		};
/* End PBXResourcesBuildPhase section */

/* Begin PBXShellScriptBuildPhase section */
		876FA484EA456B31FF8AC9CE /* [CP] Embed Pods Frameworks */ = {
			isa = PBXShellScriptBuildPhase;
			buildActionMask = 2147483647;
			files = (
			);
			inputPaths = (
			);
			name = "[CP] Embed Pods Frameworks";
			outputPaths = (
			);
			runOnlyForDeploymentPostprocessing = 0;
			shellPath = /bin/sh;
			shellScript = "\"${SRCROOT}/Pods/Target Support Files/Pods-LSVbo_Swift/Pods-LSVbo_Swift-frameworks.sh\"\n";
			showEnvVarsInLog = 0;
		};
		A7FB1FBE14DC8C3606E5F9FC /* [CP] Check Pods Manifest.lock */ = {
			isa = PBXShellScriptBuildPhase;
			buildActionMask = 2147483647;
			files = (
			);
			inputPaths = (
			);
			name = "[CP] Check Pods Manifest.lock";
			outputPaths = (
			);
			runOnlyForDeploymentPostprocessing = 0;
			shellPath = /bin/sh;
			shellScript = "diff \"${PODS_ROOT}/../Podfile.lock\" \"${PODS_ROOT}/Manifest.lock\" > /dev/null\nif [[ $? != 0 ]] ; then\n    cat << EOM\nerror: The sandbox is not in sync with the Podfile.lock. Run 'pod install' or update your CocoaPods installation.\nEOM\n    exit 1\nfi\n";
			showEnvVarsInLog = 0;
		};
		AA80B2A71C7C6AD0865AE543 /* [CP] Copy Pods Resources */ = {
			isa = PBXShellScriptBuildPhase;
			buildActionMask = 2147483647;
			files = (
			);
			inputPaths = (
			);
			name = "[CP] Copy Pods Resources";
			outputPaths = (
			);
			runOnlyForDeploymentPostprocessing = 0;
			shellPath = /bin/sh;
			shellScript = "\"${SRCROOT}/Pods/Target Support Files/Pods-LSVbo_Swift/Pods-LSVbo_Swift-resources.sh\"\n";
			showEnvVarsInLog = 0;
		};
/* End PBXShellScriptBuildPhase section */

/* Begin PBXSourcesBuildPhase section */
		514F2FC31DF091EF00846163 /* Sources */ = {
			isa = PBXSourcesBuildPhase;
			buildActionMask = 2147483647;
			files = (
				514F30231DF311B900846163 /* Constraint.swift in Sources */,
				514F30271DF311B900846163 /* ConstraintMaker.swift in Sources */,
				514F302C1DF311B900846163 /* SnapKit.swift in Sources */,
				514F30241DF311B900846163 /* ConstraintAttributes.swift in Sources */,
				514F30131DF302B700846163 /* LSVisitorView.swift in Sources */,
				512DF25D1DF5CEF0009A5B6E /* LSWellcomeViewController.swift in Sources */,
				514F30291DF311B900846163 /* Debugging.swift in Sources */,
				512DF2541DF47396009A5B6E /* LSNetworkTools.swift in Sources */,
				514F30261DF311B900846163 /* ConstraintItem.swift in Sources */,
				514F2FF91DF1609D00846163 /* LSHomeViewController.swift in Sources */,
				514F2FF71DF1608700846163 /* LSMainViewController.swift in Sources */,
				512DF2591DF56DA4009A5B6E /* LSUserAccountViewModel.swift in Sources */,
				514F2FFB1DF160B600846163 /* LSMessageViewController.swift in Sources */,
				514F2FFF1DF160EB00846163 /* LSProfileViewController.swift in Sources */,
				514F300A1DF1F1F800846163 /* Extension+UIBarButtonItem.swift in Sources */,
				514F30281DF311B900846163 /* ConstraintRelation.swift in Sources */,
				514F302E1DF311B900846163 /* ViewController+SnapKit.swift in Sources */,
				512DF2561DF4740B009A5B6E /* LSUserAccountModel.swift in Sources */,
				514F300D1DF1FA6D00846163 /* LSTempViewController.swift in Sources */,
				514F30051DF1DAD100846163 /* LSCommon.swift in Sources */,
				514F30301DF3157400846163 /* Extension+UILable.swift in Sources */,
				512DF2501DF434A4009A5B6E /* LSOAuthViewController.swift in Sources */,
				514F30031DF1763F00846163 /* LSTabBar.swift in Sources */,
				514F2FCD1DF091EF00846163 /* ViewController.swift in Sources */,
				512DF1961DF31A5C009A5B6E /* Extension+UIImageView.swift in Sources */,
				514F2FFD1DF160DA00846163 /* LSDiscoverViewController.swift in Sources */,
				514F302A1DF311B900846163 /* EdgeInsets.swift in Sources */,
				514F2FCB1DF091EF00846163 /* AppDelegate.swift in Sources */,
				514F300F1DF290A400846163 /* LSNavViewController.swift in Sources */,
				514F302B1DF311B900846163 /* LayoutConstraint.swift in Sources */,
				514F30111DF2BE4800846163 /* LSVisitorViewController.swift in Sources */,
				514F30081DF1DF1F00846163 /* Extension+UIButton.swift in Sources */,
				514F30251DF311B900846163 /* ConstraintDescription.swift in Sources */,
				514F302D1DF311B900846163 /* View+SnapKit.swift in Sources */,
			);
			runOnlyForDeploymentPostprocessing = 0;
		};
/* End PBXSourcesBuildPhase section */

/* Begin XCBuildConfiguration section */
		514F2FD71DF091EF00846163 /* Debug */ = {
			isa = XCBuildConfiguration;
			buildSettings = {
				ALWAYS_SEARCH_USER_PATHS = NO;
				CLANG_ANALYZER_NONNULL = YES;
				CLANG_CXX_LANGUAGE_STANDARD = "gnu++0x";
				CLANG_CXX_LIBRARY = "libc++";
				CLANG_ENABLE_MODULES = YES;
				CLANG_ENABLE_OBJC_ARC = YES;
				CLANG_WARN_BOOL_CONVERSION = YES;
				CLANG_WARN_CONSTANT_CONVERSION = YES;
				CLANG_WARN_DIRECT_OBJC_ISA_USAGE = YES_ERROR;
				CLANG_WARN_DOCUMENTATION_COMMENTS = YES;
				CLANG_WARN_EMPTY_BODY = YES;
				CLANG_WARN_ENUM_CONVERSION = YES;
				CLANG_WARN_INFINITE_RECURSION = YES;
				CLANG_WARN_INT_CONVERSION = YES;
				CLANG_WARN_OBJC_ROOT_CLASS = YES_ERROR;
				CLANG_WARN_SUSPICIOUS_MOVES = YES;
				CLANG_WARN_UNREACHABLE_CODE = YES;
				CLANG_WARN__DUPLICATE_METHOD_MATCH = YES;
				"CODE_SIGN_IDENTITY[sdk=iphoneos*]" = "iPhone Developer";
				COPY_PHASE_STRIP = NO;
				DEBUG_INFORMATION_FORMAT = dwarf;
				ENABLE_STRICT_OBJC_MSGSEND = YES;
				ENABLE_TESTABILITY = YES;
				GCC_C_LANGUAGE_STANDARD = gnu99;
				GCC_DYNAMIC_NO_PIC = NO;
				GCC_NO_COMMON_BLOCKS = YES;
				GCC_OPTIMIZATION_LEVEL = 0;
				GCC_PREPROCESSOR_DEFINITIONS = (
					"DEBUG=1",
					"$(inherited)",
				);
				GCC_WARN_64_TO_32_BIT_CONVERSION = YES;
				GCC_WARN_ABOUT_RETURN_TYPE = YES_ERROR;
				GCC_WARN_UNDECLARED_SELECTOR = YES;
				GCC_WARN_UNINITIALIZED_AUTOS = YES_AGGRESSIVE;
				GCC_WARN_UNUSED_FUNCTION = YES;
				GCC_WARN_UNUSED_VARIABLE = YES;
				IPHONEOS_DEPLOYMENT_TARGET = 10.1;
				MTL_ENABLE_DEBUG_INFO = YES;
				ONLY_ACTIVE_ARCH = YES;
				SDKROOT = iphoneos;
				SWIFT_ACTIVE_COMPILATION_CONDITIONS = DEBUG;
				SWIFT_OPTIMIZATION_LEVEL = "-Onone";
				TARGETED_DEVICE_FAMILY = "1,2";
			};
			name = Debug;
		};
		514F2FD81DF091EF00846163 /* Release */ = {
			isa = XCBuildConfiguration;
			buildSettings = {
				ALWAYS_SEARCH_USER_PATHS = NO;
				CLANG_ANALYZER_NONNULL = YES;
				CLANG_CXX_LANGUAGE_STANDARD = "gnu++0x";
				CLANG_CXX_LIBRARY = "libc++";
				CLANG_ENABLE_MODULES = YES;
				CLANG_ENABLE_OBJC_ARC = YES;
				CLANG_WARN_BOOL_CONVERSION = YES;
				CLANG_WARN_CONSTANT_CONVERSION = YES;
				CLANG_WARN_DIRECT_OBJC_ISA_USAGE = YES_ERROR;
				CLANG_WARN_DOCUMENTATION_COMMENTS = YES;
				CLANG_WARN_EMPTY_BODY = YES;
				CLANG_WARN_ENUM_CONVERSION = YES;
				CLANG_WARN_INFINITE_RECURSION = YES;
				CLANG_WARN_INT_CONVERSION = YES;
				CLANG_WARN_OBJC_ROOT_CLASS = YES_ERROR;
				CLANG_WARN_SUSPICIOUS_MOVES = YES;
				CLANG_WARN_UNREACHABLE_CODE = YES;
				CLANG_WARN__DUPLICATE_METHOD_MATCH = YES;
				"CODE_SIGN_IDENTITY[sdk=iphoneos*]" = "iPhone Developer";
				COPY_PHASE_STRIP = NO;
				DEBUG_INFORMATION_FORMAT = "dwarf-with-dsym";
				ENABLE_NS_ASSERTIONS = NO;
				ENABLE_STRICT_OBJC_MSGSEND = YES;
				GCC_C_LANGUAGE_STANDARD = gnu99;
				GCC_NO_COMMON_BLOCKS = YES;
				GCC_WARN_64_TO_32_BIT_CONVERSION = YES;
				GCC_WARN_ABOUT_RETURN_TYPE = YES_ERROR;
				GCC_WARN_UNDECLARED_SELECTOR = YES;
				GCC_WARN_UNINITIALIZED_AUTOS = YES_AGGRESSIVE;
				GCC_WARN_UNUSED_FUNCTION = YES;
				GCC_WARN_UNUSED_VARIABLE = YES;
				IPHONEOS_DEPLOYMENT_TARGET = 10.1;
				MTL_ENABLE_DEBUG_INFO = NO;
				SDKROOT = iphoneos;
				SWIFT_OPTIMIZATION_LEVEL = "-Owholemodule";
				TARGETED_DEVICE_FAMILY = "1,2";
				VALIDATE_PRODUCT = YES;
			};
			name = Release;
		};
		514F2FDA1DF091EF00846163 /* Debug */ = {
			isa = XCBuildConfiguration;
			baseConfigurationReference = A6112AF8E247DE97BF3DED9E /* Pods-LSVbo_Swift.debug.xcconfig */;
			buildSettings = {
				ASSETCATALOG_COMPILER_APPICON_NAME = AppIcon;
				ASSETCATALOG_COMPILER_LAUNCHIMAGE_NAME = LaunchImage;
				INFOPLIST_FILE = LSVbo_Swift/Info.plist;
				IPHONEOS_DEPLOYMENT_TARGET = 9.0;
				LD_RUNPATH_SEARCH_PATHS = "$(inherited) @executable_path/Frameworks";
				PRODUCT_BUNDLE_IDENTIFIER = "com.lsrain.LSVbo-Swift";
				PRODUCT_NAME = "$(TARGET_NAME)";
				SWIFT_VERSION = 3.0;
				TARGETED_DEVICE_FAMILY = 1;
			};
			name = Debug;
		};
		514F2FDB1DF091EF00846163 /* Release */ = {
			isa = XCBuildConfiguration;
			baseConfigurationReference = 7A0DCA7A3E30CA194B9A9785 /* Pods-LSVbo_Swift.release.xcconfig */;
			buildSettings = {
				ASSETCATALOG_COMPILER_APPICON_NAME = AppIcon;
				ASSETCATALOG_COMPILER_LAUNCHIMAGE_NAME = LaunchImage;
				INFOPLIST_FILE = LSVbo_Swift/Info.plist;
				IPHONEOS_DEPLOYMENT_TARGET = 9.0;
				LD_RUNPATH_SEARCH_PATHS = "$(inherited) @executable_path/Frameworks";
				PRODUCT_BUNDLE_IDENTIFIER = "com.lsrain.LSVbo-Swift";
				PRODUCT_NAME = "$(TARGET_NAME)";
				SWIFT_VERSION = 3.0;
				TARGETED_DEVICE_FAMILY = 1;
			};
			name = Release;
		};
/* End XCBuildConfiguration section */

/* Begin XCConfigurationList section */
		514F2FC21DF091EF00846163 /* Build configuration list for PBXProject "LSVbo_Swift" */ = {
			isa = XCConfigurationList;
			buildConfigurations = (
				514F2FD71DF091EF00846163 /* Debug */,
				514F2FD81DF091EF00846163 /* Release */,
			);
			defaultConfigurationIsVisible = 0;
			defaultConfigurationName = Release;
		};
		514F2FD91DF091EF00846163 /* Build configuration list for PBXNativeTarget "LSVbo_Swift" */ = {
			isa = XCConfigurationList;
			buildConfigurations = (
				514F2FDA1DF091EF00846163 /* Debug */,
				514F2FDB1DF091EF00846163 /* Release */,
			);
			defaultConfigurationIsVisible = 0;
			defaultConfigurationName = Release;
		};
/* End XCConfigurationList section */
	};
	rootObject = 514F2FBF1DF091EF00846163 /* Project object */;
}
