// !$*UTF8*$!
{
	archiveVersion = 1;
	classes = {
	};
	objectVersion = 46;
	objects = {

/* Begin PBXBuildFile section */
		514F2FCB1DF091EF00846163 /* AppDelegate.swift in Sources */ = {isa = PBXBuildFile; fileRef = 514F2FCA1DF091EF00846163 /* AppDelegate.swift */; };
		514F2FCD1DF091EF00846163 /* ViewController.swift in Sources */ = {isa = PBXBuildFile; fileRef = 514F2FCC1DF091EF00846163 /* ViewController.swift */; };
		514F2FD21DF091EF00846163 /* Assets.xcassets in Resources */ = {isa = PBXBuildFile; fileRef = 514F2FD11DF091EF00846163 /* Assets.xcassets */; };
		514F2FF71DF1608700846163 /* LSMainViewController.swift in Sources */ = {isa = PBXBuildFile; fileRef = 514F2FF61DF1608700846163 /* LSMainViewController.swift */; };
		514F2FF91DF1609D00846163 /* LSHomeViewController.swift in Sources */ = {isa = PBXBuildFile; fileRef = 514F2FF81DF1609D00846163 /* LSHomeViewController.swift */; };
		514F2FFB1DF160B600846163 /* LSMessageViewController.swift in Sources */ = {isa = PBXBuildFile; fileRef = 514F2FFA1DF160B600846163 /* LSMessageViewController.swift */; };
		514F2FFD1DF160DA00846163 /* LSDiscoverViewController.swift in Sources */ = {isa = PBXBuildFile; fileRef = 514F2FFC1DF160DA00846163 /* LSDiscoverViewController.swift */; };
		514F2FFF1DF160EB00846163 /* LSProfileViewController.swift in Sources */ = {isa = PBXBuildFile; fileRef = 514F2FFE1DF160EB00846163 /* LSProfileViewController.swift */; };
/* End PBXBuildFile section */

/* Begin PBXFileReference section */
		514F2FC71DF091EF00846163 /* LSVbo_Swift.app */ = {isa = PBXFileReference; explicitFileType = wrapper.application; includeInIndex = 0; path = LSVbo_Swift.app; sourceTree = BUILT_PRODUCTS_DIR; };
		514F2FCA1DF091EF00846163 /* AppDelegate.swift */ = {isa = PBXFileReference; lastKnownFileType = sourcecode.swift; path = AppDelegate.swift; sourceTree = "<group>"; };
		514F2FCC1DF091EF00846163 /* ViewController.swift */ = {isa = PBXFileReference; lastKnownFileType = sourcecode.swift; path = ViewController.swift; sourceTree = "<group>"; };
		514F2FD11DF091EF00846163 /* Assets.xcassets */ = {isa = PBXFileReference; lastKnownFileType = folder.assetcatalog; path = Assets.xcassets; sourceTree = "<group>"; };
		514F2FD61DF091EF00846163 /* Info.plist */ = {isa = PBXFileReference; lastKnownFileType = text.plist.xml; path = Info.plist; sourceTree = "<group>"; };
		514F2FF61DF1608700846163 /* LSMainViewController.swift */ = {isa = PBXFileReference; fileEncoding = 4; lastKnownFileType = sourcecode.swift; path = LSMainViewController.swift; sourceTree = "<group>"; };
		514F2FF81DF1609D00846163 /* LSHomeViewController.swift */ = {isa = PBXFileReference; fileEncoding = 4; lastKnownFileType = sourcecode.swift; path = LSHomeViewController.swift; sourceTree = "<group>"; };
		514F2FFA1DF160B600846163 /* LSMessageViewController.swift */ = {isa = PBXFileReference; fileEncoding = 4; lastKnownFileType = sourcecode.swift; path = LSMessageViewController.swift; sourceTree = "<group>"; };
		514F2FFC1DF160DA00846163 /* LSDiscoverViewController.swift */ = {isa = PBXFileReference; fileEncoding = 4; lastKnownFileType = sourcecode.swift; path = LSDiscoverViewController.swift; sourceTree = "<group>"; };
		514F2FFE1DF160EB00846163 /* LSProfileViewController.swift */ = {isa = PBXFileReference; fileEncoding = 4; lastKnownFileType = sourcecode.swift; path = LSProfileViewController.swift; sourceTree = "<group>"; };
/* End PBXFileReference section */

/* Begin PBXFrameworksBuildPhase section */
		514F2FC41DF091EF00846163 /* Frameworks */ = {
			isa = PBXFrameworksBuildPhase;
			buildActionMask = 2147483647;
			files = (
			);
			runOnlyForDeploymentPostprocessing = 0;
		};
/* End PBXFrameworksBuildPhase section */

/* Begin PBXGroup section */
		514F2FBE1DF091EF00846163 = {
			isa = PBXGroup;
			children = (
				514F2FC91DF091EF00846163 /* LSVbo_Swift */,
				514F2FC81DF091EF00846163 /* Products */,
			);
			sourceTree = "<group>";
		};
		514F2FC81DF091EF00846163 /* Products */ = {
			isa = PBXGroup;
			children = (
				514F2FC71DF091EF00846163 /* LSVbo_Swift.app */,
			);
			name = Products;
			sourceTree = "<group>";
		};
		514F2FC91DF091EF00846163 /* LSVbo_Swift */ = {
			isa = PBXGroup;
			children = (
				514F2FDC1DF09E3B00846163 /* LSVbo_Swift */,
				514F2FCA1DF091EF00846163 /* AppDelegate.swift */,
				514F2FCC1DF091EF00846163 /* ViewController.swift */,
				514F2FD11DF091EF00846163 /* Assets.xcassets */,
				514F2FD61DF091EF00846163 /* Info.plist */,
			);
			path = LSVbo_Swift;
			sourceTree = "<group>";
		};
		514F2FDC1DF09E3B00846163 /* LSVbo_Swift */ = {
			isa = PBXGroup;
			children = (
				514F2FDF1DF09E3B00846163 /* View */,
				514F2FF31DF09E3B00846163 /* ViewModel */,
				514F2FDD1DF09E3B00846163 /* Model */,
				514F2FDE1DF09E3B00846163 /* Tools */,
			);
			path = LSVbo_Swift;
			sourceTree = "<group>";
		};
		514F2FDD1DF09E3B00846163 /* Model */ = {
			isa = PBXGroup;
			children = (
			);
			path = Model;
			sourceTree = "<group>";
		};
		514F2FDE1DF09E3B00846163 /* Tools */ = {
			isa = PBXGroup;
			children = (
			);
			path = Tools;
			sourceTree = "<group>";
		};
		514F2FDF1DF09E3B00846163 /* View */ = {
			isa = PBXGroup;
			children = (
				514F2FE91DF09E3B00846163 /* Main */,
				514F2FE61DF09E3B00846163 /* Home */,
				514F2FEC1DF09E3B00846163 /* Message */,
				514F2FE31DF09E3B00846163 /* Discover */,
				514F2FEF1DF09E3B00846163 /* Profile */,
				514F2FE01DF09E3B00846163 /* Compose */,
				514F2FF21DF09E3B00846163 /* Wellcome */,
			);
			path = View;
			sourceTree = "<group>";
		};
		514F2FE01DF09E3B00846163 /* Compose */ = {
			isa = PBXGroup;
			children = (
				514F2FE11DF09E3B00846163 /* Controller */,
				514F2FE21DF09E3B00846163 /* View */,
			);
			path = Compose;
			sourceTree = "<group>";
		};
		514F2FE11DF09E3B00846163 /* Controller */ = {
			isa = PBXGroup;
			children = (
			);
			path = Controller;
			sourceTree = "<group>";
		};
		514F2FE21DF09E3B00846163 /* View */ = {
			isa = PBXGroup;
			children = (
			);
			path = View;
			sourceTree = "<group>";
		};
		514F2FE31DF09E3B00846163 /* Discover */ = {
			isa = PBXGroup;
			children = (
				514F2FE41DF09E3B00846163 /* Controller */,
				514F2FE51DF09E3B00846163 /* View */,
			);
			path = Discover;
			sourceTree = "<group>";
		};
		514F2FE41DF09E3B00846163 /* Controller */ = {
			isa = PBXGroup;
			children = (
				514F2FFC1DF160DA00846163 /* LSDiscoverViewController.swift */,
			);
			path = Controller;
			sourceTree = "<group>";
		};
		514F2FE51DF09E3B00846163 /* View */ = {
			isa = PBXGroup;
			children = (
			);
			path = View;
			sourceTree = "<group>";
		};
		514F2FE61DF09E3B00846163 /* Home */ = {
			isa = PBXGroup;
			children = (
				514F2FE71DF09E3B00846163 /* Controller */,
				514F2FE81DF09E3B00846163 /* View */,
			);
			path = Home;
			sourceTree = "<group>";
		};
		514F2FE71DF09E3B00846163 /* Controller */ = {
			isa = PBXGroup;
			children = (
				514F2FF81DF1609D00846163 /* LSHomeViewController.swift */,
			);
			path = Controller;
			sourceTree = "<group>";
		};
		514F2FE81DF09E3B00846163 /* View */ = {
			isa = PBXGroup;
			children = (
			);
			path = View;
			sourceTree = "<group>";
		};
		514F2FE91DF09E3B00846163 /* Main */ = {
			isa = PBXGroup;
			children = (
				514F2FEA1DF09E3B00846163 /* Controller */,
				514F2FEB1DF09E3B00846163 /* View */,
			);
			path = Main;
			sourceTree = "<group>";
		};
		514F2FEA1DF09E3B00846163 /* Controller */ = {
			isa = PBXGroup;
			children = (
				514F2FF61DF1608700846163 /* LSMainViewController.swift */,
			);
			path = Controller;
			sourceTree = "<group>";
		};
		514F2FEB1DF09E3B00846163 /* View */ = {
			isa = PBXGroup;
			children = (
			);
			path = View;
			sourceTree = "<group>";
		};
		514F2FEC1DF09E3B00846163 /* Message */ = {
			isa = PBXGroup;
			children = (
				514F2FED1DF09E3B00846163 /* Controller */,
				514F2FEE1DF09E3B00846163 /* View */,
			);
			path = Message;
			sourceTree = "<group>";
		};
		514F2FED1DF09E3B00846163 /* Controller */ = {
			isa = PBXGroup;
			children = (
				514F2FFA1DF160B600846163 /* LSMessageViewController.swift */,
			);
			path = Controller;
			sourceTree = "<group>";
		};
		514F2FEE1DF09E3B00846163 /* View */ = {
			isa = PBXGroup;
			children = (
			);
			path = View;
			sourceTree = "<group>";
		};
		514F2FEF1DF09E3B00846163 /* Profile */ = {
			isa = PBXGroup;
			children = (
				514F2FF01DF09E3B00846163 /* Controller */,
				514F2FF11DF09E3B00846163 /* View */,
			);
			path = Profile;
			sourceTree = "<group>";
		};
		514F2FF01DF09E3B00846163 /* Controller */ = {
			isa = PBXGroup;
			children = (
				514F2FFE1DF160EB00846163 /* LSProfileViewController.swift */,
			);
			path = Controller;
			sourceTree = "<group>";
		};
		514F2FF11DF09E3B00846163 /* View */ = {
			isa = PBXGroup;
			children = (
			);
			path = View;
			sourceTree = "<group>";
		};
		514F2FF21DF09E3B00846163 /* Wellcome */ = {
			isa = PBXGroup;
			children = (
			);
			path = Wellcome;
			sourceTree = "<group>";
		};
		514F2FF31DF09E3B00846163 /* ViewModel */ = {
			isa = PBXGroup;
			children = (
				514F2FF41DF09E3B00846163 /* Controller */,
				514F2FF51DF09E3B00846163 /* View */,
			);
			path = ViewModel;
			sourceTree = "<group>";
		};
		514F2FF41DF09E3B00846163 /* Controller */ = {
			isa = PBXGroup;
			children = (
			);
			path = Controller;
			sourceTree = "<group>";
		};
		514F2FF51DF09E3B00846163 /* View */ = {
			isa = PBXGroup;
			children = (
			);
			path = View;
			sourceTree = "<group>";
		};
/* End PBXGroup section */

/* Begin PBXNativeTarget section */
		514F2FC61DF091EF00846163 /* LSVbo_Swift */ = {
			isa = PBXNativeTarget;
			buildConfigurationList = 514F2FD91DF091EF00846163 /* Build configuration list for PBXNativeTarget "LSVbo_Swift" */;
			buildPhases = (
				514F2FC31DF091EF00846163 /* Sources */,
				514F2FC41DF091EF00846163 /* Frameworks */,
				514F2FC51DF091EF00846163 /* Resources */,
			);
			buildRules = (
			);
			dependencies = (
			);
			name = LSVbo_Swift;
			productName = LSVbo_Swift;
			productReference = 514F2FC71DF091EF00846163 /* LSVbo_Swift.app */;
			productType = "com.apple.product-type.application";
		};
/* End PBXNativeTarget section */

/* Begin PBXProject section */
		514F2FBF1DF091EF00846163 /* Project object */ = {
			isa = PBXProject;
			attributes = {
				CLASSPREFIX = LS;
				LastSwiftUpdateCheck = 0810;
				LastUpgradeCheck = 0810;
				ORGANIZATIONNAME = lsrain;
				TargetAttributes = {
					514F2FC61DF091EF00846163 = {
						CreatedOnToolsVersion = 8.1;
						ProvisioningStyle = Automatic;
					};
				};
			};
			buildConfigurationList = 514F2FC21DF091EF00846163 /* Build configuration list for PBXProject "LSVbo_Swift" */;
			compatibilityVersion = "Xcode 3.2";
			developmentRegion = English;
			hasScannedForEncodings = 0;
			knownRegions = (
				en,
				Base,
			);
			mainGroup = 514F2FBE1DF091EF00846163;
			productRefGroup = 514F2FC81DF091EF00846163 /* Products */;
			projectDirPath = "";
			projectRoot = "";
			targets = (
				514F2FC61DF091EF00846163 /* LSVbo_Swift */,
			);
		};
/* End PBXProject section */

/* Begin PBXResourcesBuildPhase section */
		514F2FC51DF091EF00846163 /* Resources */ = {
			isa = PBXResourcesBuildPhase;
			buildActionMask = 2147483647;
			files = (
				514F2FD21DF091EF00846163 /* Assets.xcassets in Resources */,
			);
			runOnlyForDeploymentPostprocessing = 0;
		};
/* End PBXResourcesBuildPhase section */

/* Begin PBXSourcesBuildPhase section */
		514F2FC31DF091EF00846163 /* Sources */ = {
			isa = PBXSourcesBuildPhase;
			buildActionMask = 2147483647;
			files = (
				514F2FF91DF1609D00846163 /* LSHomeViewController.swift in Sources */,
				514F2FF71DF1608700846163 /* LSMainViewController.swift in Sources */,
				514F2FFB1DF160B600846163 /* LSMessageViewController.swift in Sources */,
				514F2FFF1DF160EB00846163 /* LSProfileViewController.swift in Sources */,
				514F2FCD1DF091EF00846163 /* ViewController.swift in Sources */,
				514F2FFD1DF160DA00846163 /* LSDiscoverViewController.swift in Sources */,
				514F2FCB1DF091EF00846163 /* AppDelegate.swift in Sources */,
			);
			runOnlyForDeploymentPostprocessing = 0;
		};
/* End PBXSourcesBuildPhase section */

/* Begin XCBuildConfiguration section */
		514F2FD71DF091EF00846163 /* Debug */ = {
			isa = XCBuildConfiguration;
			buildSettings = {
				ALWAYS_SEARCH_USER_PATHS = NO;
				CLANG_ANALYZER_NONNULL = YES;
				CLANG_CXX_LANGUAGE_STANDARD = "gnu++0x";
				CLANG_CXX_LIBRARY = "libc++";
				CLANG_ENABLE_MODULES = YES;
				CLANG_ENABLE_OBJC_ARC = YES;
				CLANG_WARN_BOOL_CONVERSION = YES;
				CLANG_WARN_CONSTANT_CONVERSION = YES;
				CLANG_WARN_DIRECT_OBJC_ISA_USAGE = YES_ERROR;
				CLANG_WARN_DOCUMENTATION_COMMENTS = YES;
				CLANG_WARN_EMPTY_BODY = YES;
				CLANG_WARN_ENUM_CONVERSION = YES;
				CLANG_WARN_INFINITE_RECURSION = YES;
				CLANG_WARN_INT_CONVERSION = YES;
				CLANG_WARN_OBJC_ROOT_CLASS = YES_ERROR;
				CLANG_WARN_SUSPICIOUS_MOVES = YES;
				CLANG_WARN_UNREACHABLE_CODE = YES;
				CLANG_WARN__DUPLICATE_METHOD_MATCH = YES;
				"CODE_SIGN_IDENTITY[sdk=iphoneos*]" = "iPhone Developer";
				COPY_PHASE_STRIP = NO;
				DEBUG_INFORMATION_FORMAT = dwarf;
				ENABLE_STRICT_OBJC_MSGSEND = YES;
				ENABLE_TESTABILITY = YES;
				GCC_C_LANGUAGE_STANDARD = gnu99;
				GCC_DYNAMIC_NO_PIC = NO;
				GCC_NO_COMMON_BLOCKS = YES;
				GCC_OPTIMIZATION_LEVEL = 0;
				GCC_PREPROCESSOR_DEFINITIONS = (
					"DEBUG=1",
					"$(inherited)",
				);
				GCC_WARN_64_TO_32_BIT_CONVERSION = YES;
				GCC_WARN_ABOUT_RETURN_TYPE = YES_ERROR;
				GCC_WARN_UNDECLARED_SELECTOR = YES;
				GCC_WARN_UNINITIALIZED_AUTOS = YES_AGGRESSIVE;
				GCC_WARN_UNUSED_FUNCTION = YES;
				GCC_WARN_UNUSED_VARIABLE = YES;
				IPHONEOS_DEPLOYMENT_TARGET = 10.1;
				MTL_ENABLE_DEBUG_INFO = YES;
				ONLY_ACTIVE_ARCH = YES;
				SDKROOT = iphoneos;
				SWIFT_ACTIVE_COMPILATION_CONDITIONS = DEBUG;
				SWIFT_OPTIMIZATION_LEVEL = "-Onone";
				TARGETED_DEVICE_FAMILY = "1,2";
			};
			name = Debug;
		};
		514F2FD81DF091EF00846163 /* Release */ = {
			isa = XCBuildConfiguration;
			buildSettings = {
				ALWAYS_SEARCH_USER_PATHS = NO;
				CLANG_ANALYZER_NONNULL = YES;
				CLANG_CXX_LANGUAGE_STANDARD = "gnu++0x";
				CLANG_CXX_LIBRARY = "libc++";
				CLANG_ENABLE_MODULES = YES;
				CLANG_ENABLE_OBJC_ARC = YES;
				CLANG_WARN_BOOL_CONVERSION = YES;
				CLANG_WARN_CONSTANT_CONVERSION = YES;
				CLANG_WARN_DIRECT_OBJC_ISA_USAGE = YES_ERROR;
				CLANG_WARN_DOCUMENTATION_COMMENTS = YES;
				CLANG_WARN_EMPTY_BODY = YES;
				CLANG_WARN_ENUM_CONVERSION = YES;
				CLANG_WARN_INFINITE_RECURSION = YES;
				CLANG_WARN_INT_CONVERSION = YES;
				CLANG_WARN_OBJC_ROOT_CLASS = YES_ERROR;
				CLANG_WARN_SUSPICIOUS_MOVES = YES;
				CLANG_WARN_UNREACHABLE_CODE = YES;
				CLANG_WARN__DUPLICATE_METHOD_MATCH = YES;
				"CODE_SIGN_IDENTITY[sdk=iphoneos*]" = "iPhone Developer";
				COPY_PHASE_STRIP = NO;
				DEBUG_INFORMATION_FORMAT = "dwarf-with-dsym";
				ENABLE_NS_ASSERTIONS = NO;
				ENABLE_STRICT_OBJC_MSGSEND = YES;
				GCC_C_LANGUAGE_STANDARD = gnu99;
				GCC_NO_COMMON_BLOCKS = YES;
				GCC_WARN_64_TO_32_BIT_CONVERSION = YES;
				GCC_WARN_ABOUT_RETURN_TYPE = YES_ERROR;
				GCC_WARN_UNDECLARED_SELECTOR = YES;
				GCC_WARN_UNINITIALIZED_AUTOS = YES_AGGRESSIVE;
				GCC_WARN_UNUSED_FUNCTION = YES;
				GCC_WARN_UNUSED_VARIABLE = YES;
				IPHONEOS_DEPLOYMENT_TARGET = 10.1;
				MTL_ENABLE_DEBUG_INFO = NO;
				SDKROOT = iphoneos;
				SWIFT_OPTIMIZATION_LEVEL = "-Owholemodule";
				TARGETED_DEVICE_FAMILY = "1,2";
				VALIDATE_PRODUCT = YES;
			};
			name = Release;
		};
		514F2FDA1DF091EF00846163 /* Debug */ = {
			isa = XCBuildConfiguration;
			buildSettings = {
				ASSETCATALOG_COMPILER_APPICON_NAME = AppIcon;
				ASSETCATALOG_COMPILER_LAUNCHIMAGE_NAME = LaunchImage;
				INFOPLIST_FILE = LSVbo_Swift/Info.plist;
				IPHONEOS_DEPLOYMENT_TARGET = 9.0;
				LD_RUNPATH_SEARCH_PATHS = "$(inherited) @executable_path/Frameworks";
				PRODUCT_BUNDLE_IDENTIFIER = "com.lsrain.LSVbo-Swift";
				PRODUCT_NAME = "$(TARGET_NAME)";
				SWIFT_VERSION = 3.0;
				TARGETED_DEVICE_FAMILY = 1;
			};
			name = Debug;
		};
		514F2FDB1DF091EF00846163 /* Release */ = {
			isa = XCBuildConfiguration;
			buildSettings = {
				ASSETCATALOG_COMPILER_APPICON_NAME = AppIcon;
				ASSETCATALOG_COMPILER_LAUNCHIMAGE_NAME = LaunchImage;
				INFOPLIST_FILE = LSVbo_Swift/Info.plist;
				IPHONEOS_DEPLOYMENT_TARGET = 9.0;
				LD_RUNPATH_SEARCH_PATHS = "$(inherited) @executable_path/Frameworks";
				PRODUCT_BUNDLE_IDENTIFIER = "com.lsrain.LSVbo-Swift";
				PRODUCT_NAME = "$(TARGET_NAME)";
				SWIFT_VERSION = 3.0;
				TARGETED_DEVICE_FAMILY = 1;
			};
			name = Release;
		};
/* End XCBuildConfiguration section */

/* Begin XCConfigurationList section */
		514F2FC21DF091EF00846163 /* Build configuration list for PBXProject "LSVbo_Swift" */ = {
			isa = XCConfigurationList;
			buildConfigurations = (
				514F2FD71DF091EF00846163 /* Debug */,
				514F2FD81DF091EF00846163 /* Release */,
			);
			defaultConfigurationIsVisible = 0;
			defaultConfigurationName = Release;
		};
		514F2FD91DF091EF00846163 /* Build configuration list for PBXNativeTarget "LSVbo_Swift" */ = {
			isa = XCConfigurationList;
			buildConfigurations = (
				514F2FDA1DF091EF00846163 /* Debug */,
				514F2FDB1DF091EF00846163 /* Release */,
			);
			defaultConfigurationIsVisible = 0;
			defaultConfigurationName = Release;
		};
/* End XCConfigurationList section */
	};
	rootObject = 514F2FBF1DF091EF00846163 /* Project object */;
}
